
Microsoft Visual Studio Solution File, Format Version 12.00
# Visual Studio Version 17
VisualStudioVersion = 17.9.34622.214
MinimumVisualStudioVersion = 10.0.40219.1
Project("{FAE04EC0-301F-11D3-BF4B-00C04F79EFBC}") = "PripravaNaZkousku", "PripravaNaZkousku.csproj", "{FCFF2DA0-5308-4490-9B73-A3F9D597FE99}"
EndProject
Project("{2150E333-8FDC-42A3-9474-1A3956D46DE8}") = "Položky řešení", "Položky řešení", "{1DAE6870-17D2-4296-BD1A-F8D2C360F086}"
	ProjectSection(SolutionItems) = preProject
		README.md = README.md
	EndProjectSection
EndProject
Global
	GlobalSection(SolutionConfigurationPlatforms) = preSolution
		Debug|Any CPU = Debug|Any CPU
		Release|Any CPU = Release|Any CPU
	EndGlobalSection
	GlobalSection(ProjectConfigurationPlatforms) = postSolution
		{FCFF2DA0-5308-4490-9B73-A3F9D597FE99}.Debug|Any CPU.ActiveCfg = Debug|Any CPU
		{FCFF2DA0-5308-4490-9B73-A3F9D597FE99}.Debug|Any CPU.Build.0 = Debug|Any CPU
		{FCFF2DA0-5308-4490-9B73-A3F9D597FE99}.Release|Any CPU.ActiveCfg = Release|Any CPU
		{FCFF2DA0-5308-4490-9B73-A3F9D597FE99}.Release|Any CPU.Build.0 = Release|Any CPU
	EndGlobalSection
	GlobalSection(SolutionProperties) = preSolution
		HideSolutionNode = FALSE
	EndGlobalSection
	GlobalSection(ExtensibilityGlobals) = postSolution
		SolutionGuid = {217B12C0-D4B4-4162-9573-B82E401FE12E}
	EndGlobalSection
EndGlobal
